
Microsoft Visual Studio Solution File, Format Version 12.00
Project("{2150E333-8FDC-42A3-9474-1A3956D46DE8}") = "Services", "Services", "{D350DFF9-16EB-481D-A590-07F5606595CB}"
EndProject
Project("{2150E333-8FDC-42A3-9474-1A3956D46DE8}") = "Shared", "Shared", "{657D75DC-DB80-4E3D-81BE-EE14C2F3D68D}"
EndProject
Project("{2150E333-8FDC-42A3-9474-1A3956D46DE8}") = "Gateways", "Gateways", "{85E6EAB0-9871-4D11-96EE-DC7A9539EDCE}"
EndProject
Project("{FAE04EC0-301F-11D3-BF4B-00C04F79EFBC}") = "yarp", "Gateways\yarp\yarp.csproj", "{A7BE0DFC-106E-4759-8ABE-010D105CC81F}"
EndProject
Project("{2150E333-8FDC-42A3-9474-1A3956D46DE8}") = "Identity", "Identity", "{1C3BDD01-FEEB-4BE8-B432-10EB6068BDD4}"
	ProjectSection(SolutionItems) = preProject
		Services\Identity\Dockerfile = Services\Identity\Dockerfile
	EndProjectSection
EndProject
Project("{FAE04EC0-301F-11D3-BF4B-00C04F79EFBC}") = "Identity.Api", "Services\Identity\Identity.Api\Identity.Api.csproj", "{A30EFCC2-98BE-4CE3-9B92-B18A637A0E9E}"
EndProject
Project("{FAE04EC0-301F-11D3-BF4B-00C04F79EFBC}") = "Identity.Application", "Services\Identity\Identity.Application\Identity.Application.csproj", "{E41263AC-6F33-445E-81D0-EB72188C8E51}"
EndProject
Project("{FAE04EC0-301F-11D3-BF4B-00C04F79EFBC}") = "Identity.Domain", "Services\Identity\Identity.Domain\Identity.Domain.csproj", "{6EC3D844-C853-489C-9296-CFCFEFD15D0C}"
EndProject
Project("{FAE04EC0-301F-11D3-BF4B-00C04F79EFBC}") = "Identity.Infrastructure", "Services\Identity\Identity.Infrastructure\Identity.Infrastructure.csproj", "{EE98B867-708B-4548-9F1C-A502E6F15939}"
EndProject
Project("{FAE04EC0-301F-11D3-BF4B-00C04F79EFBC}") = "Shared.Events", "Services\Shared\Shared.Events\Shared.Events.csproj", "{23E5B106-F7FC-4F38-82AD-CA5A41A6B22D}"
EndProject
Project("{FAE04EC0-301F-11D3-BF4B-00C04F79EFBC}") = "Shared.Base", "Services\Shared\Shared.Base\Shared.Base.csproj", "{E1005906-5428-4C7C-9D7A-F986CF2AC6FE}"
EndProject
Project("{FAE04EC0-301F-11D3-BF4B-00C04F79EFBC}") = "Auctions.Application", "Services\Auctions\Auctions.Application\Auctions.Application.csproj", "{C51599BF-7008-444B-8B59-5AAF260F63B5}"
EndProject
Project("{FAE04EC0-301F-11D3-BF4B-00C04F79EFBC}") = "Auctions.Api", "Services\Auctions\Auctions.Api\Auctions.Api.csproj", "{D899D305-6D21-4140-9052-87E91A2AAE40}"
EndProject
Project("{FAE04EC0-301F-11D3-BF4B-00C04F79EFBC}") = "Auctions.Domain", "Services\Auctions\Auctions.Domain\Auctions.Domain.csproj", "{0E1D5900-2710-4DB4-8389-DA8A2ABF000D}"
EndProject
Project("{FAE04EC0-301F-11D3-BF4B-00C04F79EFBC}") = "Auctions.Infrastructure", "Services\Auctions\Auctions.Infrastructure\Auctions.Infrastructure.csproj", "{6FF9C121-59A6-4113-A761-84036C2660DC}"
EndProject
Project("{2150E333-8FDC-42A3-9474-1A3956D46DE8}") = "Auctions", "Auctions", "{8B373F72-C242-4BC7-82EA-BDCDC1458AE8}"
	ProjectSection(SolutionItems) = preProject
		Services\Auctions\Dockerfile = Services\Auctions\Dockerfile
	EndProjectSection
EndProject
Project("{2150E333-8FDC-42A3-9474-1A3956D46DE8}") = "Clients", "Clients", "{8FA47956-6351-4FFA-ACDF-287D6458A6B7}"
EndProject
Project("{2150E333-8FDC-42A3-9474-1A3956D46DE8}") = "Blazor", "Blazor", "{277C4FF2-907A-4F91-9EC5-3FB2C67A1AF1}"
EndProject
Project("{FAE04EC0-301F-11D3-BF4B-00C04F79EFBC}") = "AuctionSystem.Web", "AuctionSystem.Web\AuctionSystem.Web.csproj", "{A8CAF1CF-0C38-4996-98F5-6DAC87A306EC}"
EndProject
Project("{FAE04EC0-301F-11D3-BF4B-00C04F79EFBC}") = "AuctionSystem.Contracts", "Clients\Blazor\AuctionSystem.Contracts\AuctionSystem.Contracts.csproj", "{A66985CF-3CE6-4957-A50F-386DF68E2F68}"
EndProject
Project("{FAE04EC0-301F-11D3-BF4B-00C04F79EFBC}") = "Auctions.Domain.Common", "Services\Auctions\Auctions.Domain.Common\Auctions.Domain.Common.csproj", "{138689FF-70C9-48C2-ADA3-1BE75A71A53C}"
EndProject
Project("{FAE04EC0-301F-11D3-BF4B-00C04F79EFBC}") = "Auctions.Application.Contracts", "Services\Auctions\Auctions.Application.Contracts\Auctions.Application.Contracts.csproj", "{AF248E83-FC98-4108-A7C1-6E12310AD426}"
EndProject
Global
	GlobalSection(SolutionConfigurationPlatforms) = preSolution
		Debug|Any CPU = Debug|Any CPU
		Release|Any CPU = Release|Any CPU
	EndGlobalSection
	GlobalSection(ProjectConfigurationPlatforms) = postSolution
		{A7BE0DFC-106E-4759-8ABE-010D105CC81F}.Debug|Any CPU.ActiveCfg = Debug|Any CPU
		{A7BE0DFC-106E-4759-8ABE-010D105CC81F}.Debug|Any CPU.Build.0 = Debug|Any CPU
		{A7BE0DFC-106E-4759-8ABE-010D105CC81F}.Release|Any CPU.ActiveCfg = Release|Any CPU
		{A7BE0DFC-106E-4759-8ABE-010D105CC81F}.Release|Any CPU.Build.0 = Release|Any CPU
		{A30EFCC2-98BE-4CE3-9B92-B18A637A0E9E}.Debug|Any CPU.ActiveCfg = Debug|Any CPU
		{A30EFCC2-98BE-4CE3-9B92-B18A637A0E9E}.Debug|Any CPU.Build.0 = Debug|Any CPU
		{A30EFCC2-98BE-4CE3-9B92-B18A637A0E9E}.Release|Any CPU.ActiveCfg = Release|Any CPU
		{A30EFCC2-98BE-4CE3-9B92-B18A637A0E9E}.Release|Any CPU.Build.0 = Release|Any CPU
		{E41263AC-6F33-445E-81D0-EB72188C8E51}.Debug|Any CPU.ActiveCfg = Debug|Any CPU
		{E41263AC-6F33-445E-81D0-EB72188C8E51}.Debug|Any CPU.Build.0 = Debug|Any CPU
		{E41263AC-6F33-445E-81D0-EB72188C8E51}.Release|Any CPU.ActiveCfg = Release|Any CPU
		{E41263AC-6F33-445E-81D0-EB72188C8E51}.Release|Any CPU.Build.0 = Release|Any CPU
		{6EC3D844-C853-489C-9296-CFCFEFD15D0C}.Debug|Any CPU.ActiveCfg = Debug|Any CPU
		{6EC3D844-C853-489C-9296-CFCFEFD15D0C}.Debug|Any CPU.Build.0 = Debug|Any CPU
		{6EC3D844-C853-489C-9296-CFCFEFD15D0C}.Release|Any CPU.ActiveCfg = Release|Any CPU
		{6EC3D844-C853-489C-9296-CFCFEFD15D0C}.Release|Any CPU.Build.0 = Release|Any CPU
		{EE98B867-708B-4548-9F1C-A502E6F15939}.Debug|Any CPU.ActiveCfg = Debug|Any CPU
		{EE98B867-708B-4548-9F1C-A502E6F15939}.Debug|Any CPU.Build.0 = Debug|Any CPU
		{EE98B867-708B-4548-9F1C-A502E6F15939}.Release|Any CPU.ActiveCfg = Release|Any CPU
		{EE98B867-708B-4548-9F1C-A502E6F15939}.Release|Any CPU.Build.0 = Release|Any CPU
		{23E5B106-F7FC-4F38-82AD-CA5A41A6B22D}.Debug|Any CPU.ActiveCfg = Debug|Any CPU
		{23E5B106-F7FC-4F38-82AD-CA5A41A6B22D}.Debug|Any CPU.Build.0 = Debug|Any CPU
		{23E5B106-F7FC-4F38-82AD-CA5A41A6B22D}.Release|Any CPU.ActiveCfg = Release|Any CPU
		{23E5B106-F7FC-4F38-82AD-CA5A41A6B22D}.Release|Any CPU.Build.0 = Release|Any CPU
		{E1005906-5428-4C7C-9D7A-F986CF2AC6FE}.Debug|Any CPU.ActiveCfg = Debug|Any CPU
		{E1005906-5428-4C7C-9D7A-F986CF2AC6FE}.Debug|Any CPU.Build.0 = Debug|Any CPU
		{E1005906-5428-4C7C-9D7A-F986CF2AC6FE}.Release|Any CPU.ActiveCfg = Release|Any CPU
		{E1005906-5428-4C7C-9D7A-F986CF2AC6FE}.Release|Any CPU.Build.0 = Release|Any CPU
		{C51599BF-7008-444B-8B59-5AAF260F63B5}.Debug|Any CPU.ActiveCfg = Debug|Any CPU
		{C51599BF-7008-444B-8B59-5AAF260F63B5}.Debug|Any CPU.Build.0 = Debug|Any CPU
		{C51599BF-7008-444B-8B59-5AAF260F63B5}.Release|Any CPU.ActiveCfg = Release|Any CPU
		{C51599BF-7008-444B-8B59-5AAF260F63B5}.Release|Any CPU.Build.0 = Release|Any CPU
		{D899D305-6D21-4140-9052-87E91A2AAE40}.Debug|Any CPU.ActiveCfg = Debug|Any CPU
		{D899D305-6D21-4140-9052-87E91A2AAE40}.Debug|Any CPU.Build.0 = Debug|Any CPU
		{D899D305-6D21-4140-9052-87E91A2AAE40}.Release|Any CPU.ActiveCfg = Release|Any CPU
		{D899D305-6D21-4140-9052-87E91A2AAE40}.Release|Any CPU.Build.0 = Release|Any CPU
		{0E1D5900-2710-4DB4-8389-DA8A2ABF000D}.Debug|Any CPU.ActiveCfg = Debug|Any CPU
		{0E1D5900-2710-4DB4-8389-DA8A2ABF000D}.Debug|Any CPU.Build.0 = Debug|Any CPU
		{0E1D5900-2710-4DB4-8389-DA8A2ABF000D}.Release|Any CPU.ActiveCfg = Release|Any CPU
		{0E1D5900-2710-4DB4-8389-DA8A2ABF000D}.Release|Any CPU.Build.0 = Release|Any CPU
		{6FF9C121-59A6-4113-A761-84036C2660DC}.Debug|Any CPU.ActiveCfg = Debug|Any CPU
		{6FF9C121-59A6-4113-A761-84036C2660DC}.Debug|Any CPU.Build.0 = Debug|Any CPU
		{6FF9C121-59A6-4113-A761-84036C2660DC}.Release|Any CPU.ActiveCfg = Release|Any CPU
		{6FF9C121-59A6-4113-A761-84036C2660DC}.Release|Any CPU.Build.0 = Release|Any CPU
		{A8CAF1CF-0C38-4996-98F5-6DAC87A306EC}.Debug|Any CPU.ActiveCfg = Debug|Any CPU
		{A8CAF1CF-0C38-4996-98F5-6DAC87A306EC}.Debug|Any CPU.Build.0 = Debug|Any CPU
		{A8CAF1CF-0C38-4996-98F5-6DAC87A306EC}.Release|Any CPU.ActiveCfg = Release|Any CPU
		{A8CAF1CF-0C38-4996-98F5-6DAC87A306EC}.Release|Any CPU.Build.0 = Release|Any CPU
		{A66985CF-3CE6-4957-A50F-386DF68E2F68}.Debug|Any CPU.ActiveCfg = Debug|Any CPU
		{A66985CF-3CE6-4957-A50F-386DF68E2F68}.Debug|Any CPU.Build.0 = Debug|Any CPU
		{A66985CF-3CE6-4957-A50F-386DF68E2F68}.Release|Any CPU.ActiveCfg = Release|Any CPU
		{A66985CF-3CE6-4957-A50F-386DF68E2F68}.Release|Any CPU.Build.0 = Release|Any CPU
		{138689FF-70C9-48C2-ADA3-1BE75A71A53C}.Debug|Any CPU.ActiveCfg = Debug|Any CPU
		{138689FF-70C9-48C2-ADA3-1BE75A71A53C}.Debug|Any CPU.Build.0 = Debug|Any CPU
		{138689FF-70C9-48C2-ADA3-1BE75A71A53C}.Release|Any CPU.ActiveCfg = Release|Any CPU
		{138689FF-70C9-48C2-ADA3-1BE75A71A53C}.Release|Any CPU.Build.0 = Release|Any CPU
		{AF248E83-FC98-4108-A7C1-6E12310AD426}.Debug|Any CPU.ActiveCfg = Debug|Any CPU
		{AF248E83-FC98-4108-A7C1-6E12310AD426}.Debug|Any CPU.Build.0 = Debug|Any CPU
		{AF248E83-FC98-4108-A7C1-6E12310AD426}.Release|Any CPU.ActiveCfg = Release|Any CPU
		{AF248E83-FC98-4108-A7C1-6E12310AD426}.Release|Any CPU.Build.0 = Release|Any CPU
	EndGlobalSection
	GlobalSection(NestedProjects) = preSolution
		{657D75DC-DB80-4E3D-81BE-EE14C2F3D68D} = {D350DFF9-16EB-481D-A590-07F5606595CB}
		{A7BE0DFC-106E-4759-8ABE-010D105CC81F} = {85E6EAB0-9871-4D11-96EE-DC7A9539EDCE}
		{1C3BDD01-FEEB-4BE8-B432-10EB6068BDD4} = {D350DFF9-16EB-481D-A590-07F5606595CB}
		{A30EFCC2-98BE-4CE3-9B92-B18A637A0E9E} = {1C3BDD01-FEEB-4BE8-B432-10EB6068BDD4}
		{E41263AC-6F33-445E-81D0-EB72188C8E51} = {1C3BDD01-FEEB-4BE8-B432-10EB6068BDD4}
		{6EC3D844-C853-489C-9296-CFCFEFD15D0C} = {1C3BDD01-FEEB-4BE8-B432-10EB6068BDD4}
		{EE98B867-708B-4548-9F1C-A502E6F15939} = {1C3BDD01-FEEB-4BE8-B432-10EB6068BDD4}
		{23E5B106-F7FC-4F38-82AD-CA5A41A6B22D} = {657D75DC-DB80-4E3D-81BE-EE14C2F3D68D}
		{E1005906-5428-4C7C-9D7A-F986CF2AC6FE} = {657D75DC-DB80-4E3D-81BE-EE14C2F3D68D}
		{8B373F72-C242-4BC7-82EA-BDCDC1458AE8} = {D350DFF9-16EB-481D-A590-07F5606595CB}
		{D899D305-6D21-4140-9052-87E91A2AAE40} = {8B373F72-C242-4BC7-82EA-BDCDC1458AE8}
		{C51599BF-7008-444B-8B59-5AAF260F63B5} = {8B373F72-C242-4BC7-82EA-BDCDC1458AE8}
		{0E1D5900-2710-4DB4-8389-DA8A2ABF000D} = {8B373F72-C242-4BC7-82EA-BDCDC1458AE8}
		{6FF9C121-59A6-4113-A761-84036C2660DC} = {8B373F72-C242-4BC7-82EA-BDCDC1458AE8}
		{277C4FF2-907A-4F91-9EC5-3FB2C67A1AF1} = {8FA47956-6351-4FFA-ACDF-287D6458A6B7}
		{A8CAF1CF-0C38-4996-98F5-6DAC87A306EC} = {277C4FF2-907A-4F91-9EC5-3FB2C67A1AF1}
		{A66985CF-3CE6-4957-A50F-386DF68E2F68} = {277C4FF2-907A-4F91-9EC5-3FB2C67A1AF1}
		{138689FF-70C9-48C2-ADA3-1BE75A71A53C} = {8B373F72-C242-4BC7-82EA-BDCDC1458AE8}
		{AF248E83-FC98-4108-A7C1-6E12310AD426} = {8B373F72-C242-4BC7-82EA-BDCDC1458AE8}
	EndGlobalSection
EndGlobal
